// !$*UTF8*$!
{
	archiveVersion = 1;
	classes = {
	};
	objectVersion = 50;
	objects = {

/* Begin PBXBuildFile section */
		4F0D17C322DF59960004EC39 /* Initial.storyboard in Resources */ = {isa = PBXBuildFile; fileRef = 4F0D17C522DF59960004EC39 /* Initial.storyboard */; };
		4FECDA5922DE64F400F45EFD /* AppDelegate.m in Sources */ = {isa = PBXBuildFile; fileRef = 4FECDA5822DE64F400F45EFD /* AppDelegate.m */; };
		4FECDA6122DE64F600F45EFD /* Assets.xcassets in Resources */ = {isa = PBXBuildFile; fileRef = 4FECDA6022DE64F600F45EFD /* Assets.xcassets */; };
		4FECDA6422DE64F600F45EFD /* LaunchScreen.storyboard in Resources */ = {isa = PBXBuildFile; fileRef = 4FECDA6222DE64F600F45EFD /* LaunchScreen.storyboard */; };
		4FECDA6722DE64F600F45EFD /* main.m in Sources */ = {isa = PBXBuildFile; fileRef = 4FECDA6622DE64F600F45EFD /* main.m */; };
		4FECDA8122DE675100F45EFD /* BaseViewController.m in Sources */ = {isa = PBXBuildFile; fileRef = 4FECDA8022DE675100F45EFD /* BaseViewController.m */; };
		4FECDA8422DE67BD00F45EFD /* InitialViewController.m in Sources */ = {isa = PBXBuildFile; fileRef = 4FECDA8322DE67BD00F45EFD /* InitialViewController.m */; };
		4FECDA8722DE67EF00F45EFD /* InitialViewModel.m in Sources */ = {isa = PBXBuildFile; fileRef = 4FECDA8622DE67EF00F45EFD /* InitialViewModel.m */; };
/* End PBXBuildFile section */

/* Begin PBXFileReference section */
		4F0D17C022DF58130004EC39 /* MvvmSampleObjC-Prefix.pch */ = {isa = PBXFileReference; lastKnownFileType = sourcecode.c.h; path = "MvvmSampleObjC-Prefix.pch"; sourceTree = "<group>"; };
		4F0D17C422DF59960004EC39 /* Base */ = {isa = PBXFileReference; lastKnownFileType = file.storyboard; name = Base; path = Base.lproj/Initial.storyboard; sourceTree = "<group>"; };
		4FECDA5422DE64F400F45EFD /* MvvmSampleObjC.app */ = {isa = PBXFileReference; explicitFileType = wrapper.application; includeInIndex = 0; path = MvvmSampleObjC.app; sourceTree = BUILT_PRODUCTS_DIR; };
		4FECDA5722DE64F400F45EFD /* AppDelegate.h */ = {isa = PBXFileReference; lastKnownFileType = sourcecode.c.h; path = AppDelegate.h; sourceTree = "<group>"; };
		4FECDA5822DE64F400F45EFD /* AppDelegate.m */ = {isa = PBXFileReference; lastKnownFileType = sourcecode.c.objc; path = AppDelegate.m; sourceTree = "<group>"; };
		4FECDA6022DE64F600F45EFD /* Assets.xcassets */ = {isa = PBXFileReference; lastKnownFileType = folder.assetcatalog; path = Assets.xcassets; sourceTree = "<group>"; };
		4FECDA6322DE64F600F45EFD /* Base */ = {isa = PBXFileReference; lastKnownFileType = file.storyboard; name = Base; path = Base.lproj/LaunchScreen.storyboard; sourceTree = "<group>"; };
		4FECDA6522DE64F600F45EFD /* Info.plist */ = {isa = PBXFileReference; lastKnownFileType = text.plist.xml; path = Info.plist; sourceTree = "<group>"; };
		4FECDA6622DE64F600F45EFD /* main.m */ = {isa = PBXFileReference; lastKnownFileType = sourcecode.c.objc; path = main.m; sourceTree = "<group>"; };
		4FECDA7F22DE675100F45EFD /* BaseViewController.h */ = {isa = PBXFileReference; lastKnownFileType = sourcecode.c.h; path = BaseViewController.h; sourceTree = "<group>"; };
		4FECDA8022DE675100F45EFD /* BaseViewController.m */ = {isa = PBXFileReference; lastKnownFileType = sourcecode.c.objc; path = BaseViewController.m; sourceTree = "<group>"; };
		4FECDA8222DE67BD00F45EFD /* InitialViewController.h */ = {isa = PBXFileReference; lastKnownFileType = sourcecode.c.h; path = InitialViewController.h; sourceTree = "<group>"; };
		4FECDA8322DE67BD00F45EFD /* InitialViewController.m */ = {isa = PBXFileReference; lastKnownFileType = sourcecode.c.objc; path = InitialViewController.m; sourceTree = "<group>"; };
		4FECDA8522DE67EF00F45EFD /* InitialViewModel.h */ = {isa = PBXFileReference; lastKnownFileType = sourcecode.c.h; path = InitialViewModel.h; sourceTree = "<group>"; };
		4FECDA8622DE67EF00F45EFD /* InitialViewModel.m */ = {isa = PBXFileReference; lastKnownFileType = sourcecode.c.objc; path = InitialViewModel.m; sourceTree = "<group>"; };
		4FECDA8822DE6DEC00F45EFD /* Common.h */ = {isa = PBXFileReference; lastKnownFileType = sourcecode.c.h; path = Common.h; sourceTree = "<group>"; };
/* End PBXFileReference section */

/* Begin PBXFrameworksBuildPhase section */
		4FECDA5122DE64F400F45EFD /* Frameworks */ = {
			isa = PBXFrameworksBuildPhase;
			buildActionMask = 2147483647;
			files = (
			);
			runOnlyForDeploymentPostprocessing = 0;
		};
/* End PBXFrameworksBuildPhase section */

/* Begin PBXGroup section */
		4FECDA4B22DE64F400F45EFD = {
			isa = PBXGroup;
			children = (
				4FECDA5622DE64F400F45EFD /* MvvmSampleObjC */,
				4FECDA5522DE64F400F45EFD /* Products */,
			);
			sourceTree = "<group>";
		};
		4FECDA5522DE64F400F45EFD /* Products */ = {
			isa = PBXGroup;
			children = (
				4FECDA5422DE64F400F45EFD /* MvvmSampleObjC.app */,
			);
			name = Products;
			sourceTree = "<group>";
		};
		4FECDA5622DE64F400F45EFD /* MvvmSampleObjC */ = {
			isa = PBXGroup;
			children = (
				4FECDA5722DE64F400F45EFD /* AppDelegate.h */,
				4FECDA5822DE64F400F45EFD /* AppDelegate.m */,
				4FECDA6022DE64F600F45EFD /* Assets.xcassets */,
				4FECDA7022DE672000F45EFD /* Sources */,
				4FECDA6D22DE66DB00F45EFD /* SupportFiles */,
			);
			path = MvvmSampleObjC;
			sourceTree = "<group>";
		};
		4FECDA6D22DE66DB00F45EFD /* SupportFiles */ = {
			isa = PBXGroup;
			children = (
				4FECDA6622DE64F600F45EFD /* main.m */,
				4FECDA6522DE64F600F45EFD /* Info.plist */,
				4FECDA6222DE64F600F45EFD /* LaunchScreen.storyboard */,
			);
			name = SupportFiles;
			sourceTree = "<group>";
		};
		4FECDA7022DE672000F45EFD /* Sources */ = {
			isa = PBXGroup;
			children = (
				4FECDA7422DE672000F45EFD /* DataLayer */,
				4FECDA7222DE672000F45EFD /* Extensions */,
				4FECDA7122DE672000F45EFD /* Managers */,
				4FECDA7922DE672000F45EFD /* UILayer */,
				4FECDA7322DE672000F45EFD /* Utilities */,
			);
			path = Sources;
			sourceTree = "<group>";
		};
		4FECDA7122DE672000F45EFD /* Managers */ = {
			isa = PBXGroup;
			children = (
			);
			path = Managers;
			sourceTree = "<group>";
		};
		4FECDA7222DE672000F45EFD /* Extensions */ = {
			isa = PBXGroup;
			children = (
			);
			path = Extensions;
			sourceTree = "<group>";
		};
		4FECDA7322DE672000F45EFD /* Utilities */ = {
			isa = PBXGroup;
			children = (
				4FECDA8822DE6DEC00F45EFD /* Common.h */,
				4F0D17C022DF58130004EC39 /* MvvmSampleObjC-Prefix.pch */,
			);
			path = Utilities;
			sourceTree = "<group>";
		};
		4FECDA7422DE672000F45EFD /* DataLayer */ = {
			isa = PBXGroup;
			children = (
				4FECDA7522DE672000F45EFD /* Repositories */,
				4FECDA7822DE672000F45EFD /* Model */,
			);
			path = DataLayer;
			sourceTree = "<group>";
		};
		4FECDA7522DE672000F45EFD /* Repositories */ = {
			isa = PBXGroup;
			children = (
				4FECDA7622DE672000F45EFD /* Network */,
				4FECDA7722DE672000F45EFD /* Persistence */,
			);
			path = Repositories;
			sourceTree = "<group>";
		};
		4FECDA7622DE672000F45EFD /* Network */ = {
			isa = PBXGroup;
			children = (
			);
			path = Network;
			sourceTree = "<group>";
		};
		4FECDA7722DE672000F45EFD /* Persistence */ = {
			isa = PBXGroup;
			children = (
			);
			path = Persistence;
			sourceTree = "<group>";
		};
		4FECDA7822DE672000F45EFD /* Model */ = {
			isa = PBXGroup;
			children = (
			);
			path = Model;
			sourceTree = "<group>";
		};
		4FECDA7922DE672000F45EFD /* UILayer */ = {
			isa = PBXGroup;
			children = (
				4FECDA7E22DE672000F45EFD /* _UIBaseClasses */,
				4FECDA7A22DE672000F45EFD /* Screens */,
			);
			path = UILayer;
			sourceTree = "<group>";
		};
		4FECDA7A22DE672000F45EFD /* Screens */ = {
			isa = PBXGroup;
			children = (
				4FECDA7B22DE672000F45EFD /* Initial */,
			);
			path = Screens;
			sourceTree = "<group>";
		};
		4FECDA7B22DE672000F45EFD /* Initial */ = {
			isa = PBXGroup;
			children = (
				4F0D17C522DF59960004EC39 /* Initial.storyboard */,
				4FECDA7D22DE672000F45EFD /* View */,
				4FECDA7C22DE672000F45EFD /* ViewModel */,
			);
			path = Initial;
			sourceTree = "<group>";
		};
		4FECDA7C22DE672000F45EFD /* ViewModel */ = {
			isa = PBXGroup;
			children = (
				4FECDA8522DE67EF00F45EFD /* InitialViewModel.h */,
				4FECDA8622DE67EF00F45EFD /* InitialViewModel.m */,
			);
			path = ViewModel;
			sourceTree = "<group>";
		};
		4FECDA7D22DE672000F45EFD /* View */ = {
			isa = PBXGroup;
			children = (
				4FECDA8222DE67BD00F45EFD /* InitialViewController.h */,
				4FECDA8322DE67BD00F45EFD /* InitialViewController.m */,
			);
			path = View;
			sourceTree = "<group>";
		};
		4FECDA7E22DE672000F45EFD /* _UIBaseClasses */ = {
			isa = PBXGroup;
			children = (
				4FECDA7F22DE675100F45EFD /* BaseViewController.h */,
				4FECDA8022DE675100F45EFD /* BaseViewController.m */,
			);
			path = _UIBaseClasses;
			sourceTree = "<group>";
		};
/* End PBXGroup section */

/* Begin PBXNativeTarget section */
		4FECDA5322DE64F400F45EFD /* MvvmSampleObjC */ = {
			isa = PBXNativeTarget;
			buildConfigurationList = 4FECDA6A22DE64F600F45EFD /* Build configuration list for PBXNativeTarget "MvvmSampleObjC" */;
			buildPhases = (
				4FECDA5022DE64F400F45EFD /* Sources */,
				4FECDA5122DE64F400F45EFD /* Frameworks */,
				4FECDA5222DE64F400F45EFD /* Resources */,
				4F0D17C622DF5A170004EC39 /* ShellScript */,
			);
			buildRules = (
			);
			dependencies = (
			);
			name = MvvmSampleObjC;
			productName = MvvmSampleObjC;
			productReference = 4FECDA5422DE64F400F45EFD /* MvvmSampleObjC.app */;
			productType = "com.apple.product-type.application";
		};
/* End PBXNativeTarget section */

/* Begin PBXProject section */
		4FECDA4C22DE64F400F45EFD /* Project object */ = {
			isa = PBXProject;
			attributes = {
				LastUpgradeCheck = 1020;
				ORGANIZATIONNAME = "boyankov@yahoo.com";
				TargetAttributes = {
					4FECDA5322DE64F400F45EFD = {
						CreatedOnToolsVersion = 10.2.1;
					};
				};
			};
			buildConfigurationList = 4FECDA4F22DE64F400F45EFD /* Build configuration list for PBXProject "MvvmSampleObjC" */;
			compatibilityVersion = "Xcode 9.3";
			developmentRegion = en;
			hasScannedForEncodings = 0;
			knownRegions = (
				en,
				Base,
			);
			mainGroup = 4FECDA4B22DE64F400F45EFD;
			productRefGroup = 4FECDA5522DE64F400F45EFD /* Products */;
			projectDirPath = "";
			projectRoot = "";
			targets = (
				4FECDA5322DE64F400F45EFD /* MvvmSampleObjC */,
			);
		};
/* End PBXProject section */

/* Begin PBXResourcesBuildPhase section */
		4FECDA5222DE64F400F45EFD /* Resources */ = {
			isa = PBXResourcesBuildPhase;
			buildActionMask = 2147483647;
			files = (
				4F0D17C322DF59960004EC39 /* Initial.storyboard in Resources */,
				4FECDA6422DE64F600F45EFD /* LaunchScreen.storyboard in Resources */,
				4FECDA6122DE64F600F45EFD /* Assets.xcassets in Resources */,
			);
			runOnlyForDeploymentPostprocessing = 0;
		};
/* End PBXResourcesBuildPhase section */

/* Begin PBXShellScriptBuildPhase section */
		4F0D17C622DF5A170004EC39 /* ShellScript */ = {
			isa = PBXShellScriptBuildPhase;
			buildActionMask = 2147483647;
			files = (
			);
			inputFileListPaths = (
			);
			inputPaths = (
			);
			outputFileListPaths = (
			);
			outputPaths = (
			);
			runOnlyForDeploymentPostprocessing = 0;
			shellPath = /bin/sh;
			shellScript = "#!/bin/bash\nbuildNumber=$(/usr/libexec/PlistBuddy -c \"Print CFBundleVersion\" \"${PROJECT_DIR}/${INFOPLIST_FILE}\")\nbuildNumber=$(($buildNumber + 1))\n\n/usr/libexec/PlistBuddy -c \"Set :CFBundleVersion $buildNumber\" \"${PROJECT_DIR}/${INFOPLIST_FILE}\"\n";
		};
/* End PBXShellScriptBuildPhase section */

/* Begin PBXSourcesBuildPhase section */
		4FECDA5022DE64F400F45EFD /* Sources */ = {
			isa = PBXSourcesBuildPhase;
			buildActionMask = 2147483647;
			files = (
				4FECDA6722DE64F600F45EFD /* main.m in Sources */,
				4FECDA8122DE675100F45EFD /* BaseViewController.m in Sources */,
				4FECDA5922DE64F400F45EFD /* AppDelegate.m in Sources */,
				4FECDA8422DE67BD00F45EFD /* InitialViewController.m in Sources */,
				4FECDA8722DE67EF00F45EFD /* InitialViewModel.m in Sources */,
			);
			runOnlyForDeploymentPostprocessing = 0;
		};
/* End PBXSourcesBuildPhase section */

/* Begin PBXVariantGroup section */
		4F0D17C522DF59960004EC39 /* Initial.storyboard */ = {
			isa = PBXVariantGroup;
			children = (
				4F0D17C422DF59960004EC39 /* Base */,
			);
			name = Initial.storyboard;
			sourceTree = "<group>";
		};
		4FECDA6222DE64F600F45EFD /* LaunchScreen.storyboard */ = {
			isa = PBXVariantGroup;
			children = (
				4FECDA6322DE64F600F45EFD /* Base */,
			);
			name = LaunchScreen.storyboard;
			sourceTree = "<group>";
		};
/* End PBXVariantGroup section */

/* Begin XCBuildConfiguration section */
		4FECDA6822DE64F600F45EFD /* Debug */ = {
			isa = XCBuildConfiguration;
			buildSettings = {
				ALWAYS_SEARCH_USER_PATHS = NO;
				CLANG_ANALYZER_NONNULL = YES;
				CLANG_ANALYZER_NUMBER_OBJECT_CONVERSION = YES_AGGRESSIVE;
				CLANG_CXX_LANGUAGE_STANDARD = "gnu++14";
				CLANG_CXX_LIBRARY = "libc++";
				CLANG_ENABLE_MODULES = YES;
				CLANG_ENABLE_OBJC_ARC = YES;
				CLANG_ENABLE_OBJC_WEAK = YES;
				CLANG_WARN_BLOCK_CAPTURE_AUTORELEASING = YES;
				CLANG_WARN_BOOL_CONVERSION = YES;
				CLANG_WARN_COMMA = YES;
				CLANG_WARN_CONSTANT_CONVERSION = YES;
				CLANG_WARN_DEPRECATED_OBJC_IMPLEMENTATIONS = YES;
				CLANG_WARN_DIRECT_OBJC_ISA_USAGE = YES_ERROR;
				CLANG_WARN_DOCUMENTATION_COMMENTS = YES;
				CLANG_WARN_EMPTY_BODY = YES;
				CLANG_WARN_ENUM_CONVERSION = YES;
				CLANG_WARN_INFINITE_RECURSION = YES;
				CLANG_WARN_INT_CONVERSION = YES;
				CLANG_WARN_NON_LITERAL_NULL_CONVERSION = YES;
				CLANG_WARN_OBJC_IMPLICIT_RETAIN_SELF = YES;
				CLANG_WARN_OBJC_LITERAL_CONVERSION = YES;
				CLANG_WARN_OBJC_ROOT_CLASS = YES_ERROR;
				CLANG_WARN_RANGE_LOOP_ANALYSIS = YES;
				CLANG_WARN_STRICT_PROTOTYPES = YES;
				CLANG_WARN_SUSPICIOUS_MOVE = YES;
				CLANG_WARN_UNGUARDED_AVAILABILITY = YES_AGGRESSIVE;
				CLANG_WARN_UNREACHABLE_CODE = YES;
				CLANG_WARN__DUPLICATE_METHOD_MATCH = YES;
				CODE_SIGN_IDENTITY = "iPhone Developer";
				COPY_PHASE_STRIP = NO;
				DEBUG_INFORMATION_FORMAT = dwarf;
				ENABLE_STRICT_OBJC_MSGSEND = YES;
				ENABLE_TESTABILITY = YES;
				GCC_C_LANGUAGE_STANDARD = gnu11;
				GCC_DYNAMIC_NO_PIC = NO;
				GCC_NO_COMMON_BLOCKS = YES;
				GCC_OPTIMIZATION_LEVEL = 0;
				GCC_PREPROCESSOR_DEFINITIONS = (
					"DEBUG=1",
					"$(inherited)",
				);
				GCC_WARN_64_TO_32_BIT_CONVERSION = YES;
				GCC_WARN_ABOUT_RETURN_TYPE = YES_ERROR;
				GCC_WARN_UNDECLARED_SELECTOR = YES;
				GCC_WARN_UNINITIALIZED_AUTOS = YES_AGGRESSIVE;
				GCC_WARN_UNUSED_FUNCTION = YES;
				GCC_WARN_UNUSED_VARIABLE = YES;
				IPHONEOS_DEPLOYMENT_TARGET = 12.2;
				MTL_ENABLE_DEBUG_INFO = INCLUDE_SOURCE;
				MTL_FAST_MATH = YES;
				ONLY_ACTIVE_ARCH = YES;
				SDKROOT = iphoneos;
			};
			name = Debug;
		};
		4FECDA6922DE64F600F45EFD /* Release */ = {
			isa = XCBuildConfiguration;
			buildSettings = {
				ALWAYS_SEARCH_USER_PATHS = NO;
				CLANG_ANALYZER_NONNULL = YES;
				CLANG_ANALYZER_NUMBER_OBJECT_CONVERSION = YES_AGGRESSIVE;
				CLANG_CXX_LANGUAGE_STANDARD = "gnu++14";
				CLANG_CXX_LIBRARY = "libc++";
				CLANG_ENABLE_MODULES = YES;
				CLANG_ENABLE_OBJC_ARC = YES;
				CLANG_ENABLE_OBJC_WEAK = YES;
				CLANG_WARN_BLOCK_CAPTURE_AUTORELEASING = YES;
				CLANG_WARN_BOOL_CONVERSION = YES;
				CLANG_WARN_COMMA = YES;
				CLANG_WARN_CONSTANT_CONVERSION = YES;
				CLANG_WARN_DEPRECATED_OBJC_IMPLEMENTATIONS = YES;
				CLANG_WARN_DIRECT_OBJC_ISA_USAGE = YES_ERROR;
				CLANG_WARN_DOCUMENTATION_COMMENTS = YES;
				CLANG_WARN_EMPTY_BODY = YES;
				CLANG_WARN_ENUM_CONVERSION = YES;
				CLANG_WARN_INFINITE_RECURSION = YES;
				CLANG_WARN_INT_CONVERSION = YES;
				CLANG_WARN_NON_LITERAL_NULL_CONVERSION = YES;
				CLANG_WARN_OBJC_IMPLICIT_RETAIN_SELF = YES;
				CLANG_WARN_OBJC_LITERAL_CONVERSION = YES;
				CLANG_WARN_OBJC_ROOT_CLASS = YES_ERROR;
				CLANG_WARN_RANGE_LOOP_ANALYSIS = YES;
				CLANG_WARN_STRICT_PROTOTYPES = YES;
				CLANG_WARN_SUSPICIOUS_MOVE = YES;
				CLANG_WARN_UNGUARDED_AVAILABILITY = YES_AGGRESSIVE;
				CLANG_WARN_UNREACHABLE_CODE = YES;
				CLANG_WARN__DUPLICATE_METHOD_MATCH = YES;
				CODE_SIGN_IDENTITY = "iPhone Developer";
				COPY_PHASE_STRIP = NO;
				DEBUG_INFORMATION_FORMAT = "dwarf-with-dsym";
				ENABLE_NS_ASSERTIONS = NO;
				ENABLE_STRICT_OBJC_MSGSEND = YES;
				GCC_C_LANGUAGE_STANDARD = gnu11;
				GCC_NO_COMMON_BLOCKS = YES;
				GCC_WARN_64_TO_32_BIT_CONVERSION = YES;
				GCC_WARN_ABOUT_RETURN_TYPE = YES_ERROR;
				GCC_WARN_UNDECLARED_SELECTOR = YES;
				GCC_WARN_UNINITIALIZED_AUTOS = YES_AGGRESSIVE;
				GCC_WARN_UNUSED_FUNCTION = YES;
				GCC_WARN_UNUSED_VARIABLE = YES;
				IPHONEOS_DEPLOYMENT_TARGET = 12.2;
				MTL_ENABLE_DEBUG_INFO = NO;
				MTL_FAST_MATH = YES;
				SDKROOT = iphoneos;
				VALIDATE_PRODUCT = YES;
			};
			name = Release;
		};
		4FECDA6B22DE64F600F45EFD /* Debug */ = {
			isa = XCBuildConfiguration;
			buildSettings = {
				ASSETCATALOG_COMPILER_APPICON_NAME = AppIcon;
				CODE_SIGN_STYLE = Automatic;
				DEVELOPMENT_TEAM = "";
				GCC_PRECOMPILE_PREFIX_HEADER = YES;
				GCC_PREFIX_HEADER = "$(SRCROOT)/MvvmSampleObjC/Sources/Utilities/MvvmSampleObjC-Prefix.pch";
				INFOPLIST_FILE = MvvmSampleObjC/Info.plist;
				LD_RUNPATH_SEARCH_PATHS = (
					"$(inherited)",
					"@executable_path/Frameworks",
				);
				PRODUCT_BUNDLE_IDENTIFIER = com.yahoo.at.boyankov.MvvmSampleObjC;
				PRODUCT_NAME = "$(TARGET_NAME)";
				TARGETED_DEVICE_FAMILY = "1,2";
			};
			name = Debug;
		};
		4FECDA6C22DE64F600F45EFD /* Release */ = {
			isa = XCBuildConfiguration;
			buildSettings = {
				ASSETCATALOG_COMPILER_APPICON_NAME = AppIcon;
				CODE_SIGN_STYLE = Automatic;
				DEVELOPMENT_TEAM = "";
				GCC_PRECOMPILE_PREFIX_HEADER = YES;
				GCC_PREFIX_HEADER = "$(SRCROOT)/MvvmSampleObjC/Sources/Utilities/MvvmSampleObjC-Prefix.pch";
				INFOPLIST_FILE = MvvmSampleObjC/Info.plist;
				LD_RUNPATH_SEARCH_PATHS = (
					"$(inherited)",
					"@executable_path/Frameworks",
				);
				PRODUCT_BUNDLE_IDENTIFIER = com.yahoo.at.boyankov.MvvmSampleObjC;
				PRODUCT_NAME = "$(TARGET_NAME)";
				TARGETED_DEVICE_FAMILY = "1,2";
			};
			name = Release;
		};
/* End XCBuildConfiguration section */

/* Begin XCConfigurationList section */
		4FECDA4F22DE64F400F45EFD /* Build configuration list for PBXProject "MvvmSampleObjC" */ = {
			isa = XCConfigurationList;
			buildConfigurations = (
				4FECDA6822DE64F600F45EFD /* Debug */,
				4FECDA6922DE64F600F45EFD /* Release */,
			);
			defaultConfigurationIsVisible = 0;
			defaultConfigurationName = Release;
		};
		4FECDA6A22DE64F600F45EFD /* Build configuration list for PBXNativeTarget "MvvmSampleObjC" */ = {
			isa = XCConfigurationList;
			buildConfigurations = (
				4FECDA6B22DE64F600F45EFD /* Debug */,
				4FECDA6C22DE64F600F45EFD /* Release */,
			);
			defaultConfigurationIsVisible = 0;
			defaultConfigurationName = Release;
		};
/* End XCConfigurationList section */
	};
	rootObject = 4FECDA4C22DE64F400F45EFD /* Project object */;
}
